
Microsoft Visual Studio Solution File, Format Version 12.00
# Visual Studio Version 17
VisualStudioVersion = 17.7.34031.279
MinimumVisualStudioVersion = 10.0.40219.1
Project("{9A19103F-16F7-4668-BE54-9A1E7A4F7556}") = "SMSSendingService", "SMSSendingService.csproj", "{79EF2BD9-ADCA-4D3F-939E-E41C1F110B10}"
EndProject
Project("{FAE04EC0-301F-11D3-BF4B-00C04F79EFBC}") = "TestSMSProject", "..\TestSMSProject\TestSMSProject.csproj", "{AA8955E6-3CB2-49B8-9EF8-DF8A4DE38F66}"
EndProject
Global
	GlobalSection(SolutionConfigurationPlatforms) = preSolution
		Debug|Any CPU = Debug|Any CPU
		Release|Any CPU = Release|Any CPU
	EndGlobalSection
	GlobalSection(ProjectConfigurationPlatforms) = postSolution
		{79EF2BD9-ADCA-4D3F-939E-E41C1F110B10}.Debug|Any CPU.ActiveCfg = Debug|Any CPU
		{79EF2BD9-ADCA-4D3F-939E-E41C1F110B10}.Debug|Any CPU.Build.0 = Debug|Any CPU
		{79EF2BD9-ADCA-4D3F-939E-E41C1F110B10}.Release|Any CPU.ActiveCfg = Release|Any CPU
		{79EF2BD9-ADCA-4D3F-939E-E41C1F110B10}.Release|Any CPU.Build.0 = Release|Any CPU
		{AA8955E6-3CB2-49B8-9EF8-DF8A4DE38F66}.Debug|Any CPU.ActiveCfg = Debug|Any CPU
		{AA8955E6-3CB2-49B8-9EF8-DF8A4DE38F66}.Debug|Any CPU.Build.0 = Debug|Any CPU
		{AA8955E6-3CB2-49B8-9EF8-DF8A4DE38F66}.Release|Any CPU.ActiveCfg = Release|Any CPU
		{AA8955E6-3CB2-49B8-9EF8-DF8A4DE38F66}.Release|Any CPU.Build.0 = Release|Any CPU
	EndGlobalSection
	GlobalSection(SolutionProperties) = preSolution
		HideSolutionNode = FALSE
	EndGlobalSection
	GlobalSection(ExtensibilityGlobals) = postSolution
		SolutionGuid = {A94F750B-3FAB-482D-9B0C-9C076B351B91}
	EndGlobalSection
EndGlobal
